
Microsoft Visual Studio Solution File, Format Version 12.00
# Visual Studio 15
VisualStudioVersion = 15.0.28307.960
MinimumVisualStudioVersion = 10.0.40219.1
Project("{FAE04EC0-301F-11D3-BF4B-00C04F79EFBC}") = "SharepointRESTAPIPOC", "SharepointRESTAPIPOC\SharepointRESTAPIPOC.csproj", "{00BFA8C2-73B5-44AA-830D-78FB5EB35551}"
EndProject
Global
	GlobalSection(SolutionConfigurationPlatforms) = preSolution
		Debug|Any CPU = Debug|Any CPU
		Release|Any CPU = Release|Any CPU
	EndGlobalSection
	GlobalSection(ProjectConfigurationPlatforms) = postSolution
		{00BFA8C2-73B5-44AA-830D-78FB5EB35551}.Debug|Any CPU.ActiveCfg = Debug|Any CPU
		{00BFA8C2-73B5-44AA-830D-78FB5EB35551}.Debug|Any CPU.Build.0 = Debug|Any CPU
		{00BFA8C2-73B5-44AA-830D-78FB5EB35551}.Release|Any CPU.ActiveCfg = Release|Any CPU
		{00BFA8C2-73B5-44AA-830D-78FB5EB35551}.Release|Any CPU.Build.0 = Release|Any CPU
	EndGlobalSection
	GlobalSection(SolutionProperties) = preSolution
		HideSolutionNode = FALSE
	EndGlobalSection
	GlobalSection(ExtensibilityGlobals) = postSolution
		SolutionGuid = {595CB6A8-39C0-4ABB-BF90-825F8C5B1C4A}
	EndGlobalSection
EndGlobal
